
Microsoft Visual Studio Solution File, Format Version 12.00
# Visual Studio Version 16
VisualStudioVersion = 16.0.29905.134
MinimumVisualStudioVersion = 10.0.40219.1
Project("{FAE04EC0-301F-11D3-BF4B-00C04F79EFBC}") = "AppSeminario.Android", "AppSeminario\AppSeminario.Android\AppSeminario.Android.csproj", "{14AE7143-AD50-4704-AFC1-BEFA785283A9}"
EndProject
Project("{FAE04EC0-301F-11D3-BF4B-00C04F79EFBC}") = "AppSeminario.iOS", "AppSeminario\AppSeminario.iOS\AppSeminario.iOS.csproj", "{3DDCC2CF-6A4D-44F8-A200-6B478DE46E0E}"
EndProject
Project("{9A19103F-16F7-4668-BE54-9A1E7A4F7556}") = "AppSeminario", "AppSeminario\AppSeminario\AppSeminario.csproj", "{E5CBC24F-4AF0-44FD-84D5-D8446425D065}"
EndProject
Global
	GlobalSection(SolutionConfigurationPlatforms) = preSolution
		Debug|Any CPU = Debug|Any CPU
		Debug|iPhone = Debug|iPhone
		Debug|iPhoneSimulator = Debug|iPhoneSimulator
		Release|Any CPU = Release|Any CPU
		Release|iPhone = Release|iPhone
		Release|iPhoneSimulator = Release|iPhoneSimulator
	EndGlobalSection
	GlobalSection(ProjectConfigurationPlatforms) = postSolution
		{14AE7143-AD50-4704-AFC1-BEFA785283A9}.Debug|Any CPU.ActiveCfg = Debug|Any CPU
		{14AE7143-AD50-4704-AFC1-BEFA785283A9}.Debug|Any CPU.Build.0 = Debug|Any CPU
		{14AE7143-AD50-4704-AFC1-BEFA785283A9}.Debug|Any CPU.Deploy.0 = Debug|Any CPU
		{14AE7143-AD50-4704-AFC1-BEFA785283A9}.Debug|iPhone.ActiveCfg = Debug|Any CPU
		{14AE7143-AD50-4704-AFC1-BEFA785283A9}.Debug|iPhone.Build.0 = Debug|Any CPU
		{14AE7143-AD50-4704-AFC1-BEFA785283A9}.Debug|iPhone.Deploy.0 = Debug|Any CPU
		{14AE7143-AD50-4704-AFC1-BEFA785283A9}.Debug|iPhoneSimulator.ActiveCfg = Debug|Any CPU
		{14AE7143-AD50-4704-AFC1-BEFA785283A9}.Debug|iPhoneSimulator.Build.0 = Debug|Any CPU
		{14AE7143-AD50-4704-AFC1-BEFA785283A9}.Debug|iPhoneSimulator.Deploy.0 = Debug|Any CPU
		{14AE7143-AD50-4704-AFC1-BEFA785283A9}.Release|Any CPU.ActiveCfg = Release|Any CPU
		{14AE7143-AD50-4704-AFC1-BEFA785283A9}.Release|Any CPU.Build.0 = Release|Any CPU
		{14AE7143-AD50-4704-AFC1-BEFA785283A9}.Release|Any CPU.Deploy.0 = Release|Any CPU
		{14AE7143-AD50-4704-AFC1-BEFA785283A9}.Release|iPhone.ActiveCfg = Release|Any CPU
		{14AE7143-AD50-4704-AFC1-BEFA785283A9}.Release|iPhone.Build.0 = Release|Any CPU
		{14AE7143-AD50-4704-AFC1-BEFA785283A9}.Release|iPhone.Deploy.0 = Release|Any CPU
		{14AE7143-AD50-4704-AFC1-BEFA785283A9}.Release|iPhoneSimulator.ActiveCfg = Release|Any CPU
		{14AE7143-AD50-4704-AFC1-BEFA785283A9}.Release|iPhoneSimulator.Build.0 = Release|Any CPU
		{14AE7143-AD50-4704-AFC1-BEFA785283A9}.Release|iPhoneSimulator.Deploy.0 = Release|Any CPU
		{3DDCC2CF-6A4D-44F8-A200-6B478DE46E0E}.Debug|Any CPU.ActiveCfg = Debug|iPhoneSimulator
		{3DDCC2CF-6A4D-44F8-A200-6B478DE46E0E}.Debug|Any CPU.Build.0 = Debug|iPhoneSimulator
		{3DDCC2CF-6A4D-44F8-A200-6B478DE46E0E}.Debug|Any CPU.Deploy.0 = Debug|iPhoneSimulator
		{3DDCC2CF-6A4D-44F8-A200-6B478DE46E0E}.Debug|iPhone.ActiveCfg = Debug|iPhone
		{3DDCC2CF-6A4D-44F8-A200-6B478DE46E0E}.Debug|iPhone.Build.0 = Debug|iPhone
		{3DDCC2CF-6A4D-44F8-A200-6B478DE46E0E}.Debug|iPhone.Deploy.0 = Debug|iPhone
		{3DDCC2CF-6A4D-44F8-A200-6B478DE46E0E}.Debug|iPhoneSimulator.ActiveCfg = Debug|iPhoneSimulator
		{3DDCC2CF-6A4D-44F8-A200-6B478DE46E0E}.Debug|iPhoneSimulator.Build.0 = Debug|iPhoneSimulator
		{3DDCC2CF-6A4D-44F8-A200-6B478DE46E0E}.Debug|iPhoneSimulator.Deploy.0 = Debug|iPhoneSimulator
		{3DDCC2CF-6A4D-44F8-A200-6B478DE46E0E}.Release|Any CPU.ActiveCfg = Release|iPhone
		{3DDCC2CF-6A4D-44F8-A200-6B478DE46E0E}.Release|Any CPU.Build.0 = Release|iPhone
		{3DDCC2CF-6A4D-44F8-A200-6B478DE46E0E}.Release|Any CPU.Deploy.0 = Release|iPhone
		{3DDCC2CF-6A4D-44F8-A200-6B478DE46E0E}.Release|iPhone.ActiveCfg = Release|iPhone
		{3DDCC2CF-6A4D-44F8-A200-6B478DE46E0E}.Release|iPhone.Build.0 = Release|iPhone
		{3DDCC2CF-6A4D-44F8-A200-6B478DE46E0E}.Release|iPhone.Deploy.0 = Release|iPhone
		{3DDCC2CF-6A4D-44F8-A200-6B478DE46E0E}.Release|iPhoneSimulator.ActiveCfg = Release|iPhoneSimulator
		{3DDCC2CF-6A4D-44F8-A200-6B478DE46E0E}.Release|iPhoneSimulator.Build.0 = Release|iPhoneSimulator
		{3DDCC2CF-6A4D-44F8-A200-6B478DE46E0E}.Release|iPhoneSimulator.Deploy.0 = Release|iPhoneSimulator
		{E5CBC24F-4AF0-44FD-84D5-D8446425D065}.Debug|Any CPU.ActiveCfg = Debug|Any CPU
		{E5CBC24F-4AF0-44FD-84D5-D8446425D065}.Debug|Any CPU.Build.0 = Debug|Any CPU
		{E5CBC24F-4AF0-44FD-84D5-D8446425D065}.Debug|Any CPU.Deploy.0 = Debug|Any CPU
		{E5CBC24F-4AF0-44FD-84D5-D8446425D065}.Debug|iPhone.ActiveCfg = Debug|Any CPU
		{E5CBC24F-4AF0-44FD-84D5-D8446425D065}.Debug|iPhone.Build.0 = Debug|Any CPU
		{E5CBC24F-4AF0-44FD-84D5-D8446425D065}.Debug|iPhone.Deploy.0 = Debug|Any CPU
		{E5CBC24F-4AF0-44FD-84D5-D8446425D065}.Debug|iPhoneSimulator.ActiveCfg = Debug|Any CPU
		{E5CBC24F-4AF0-44FD-84D5-D8446425D065}.Debug|iPhoneSimulator.Build.0 = Debug|Any CPU
		{E5CBC24F-4AF0-44FD-84D5-D8446425D065}.Debug|iPhoneSimulator.Deploy.0 = Debug|Any CPU
		{E5CBC24F-4AF0-44FD-84D5-D8446425D065}.Release|Any CPU.ActiveCfg = Release|Any CPU
		{E5CBC24F-4AF0-44FD-84D5-D8446425D065}.Release|Any CPU.Build.0 = Release|Any CPU
		{E5CBC24F-4AF0-44FD-84D5-D8446425D065}.Release|Any CPU.Deploy.0 = Release|Any CPU
		{E5CBC24F-4AF0-44FD-84D5-D8446425D065}.Release|iPhone.ActiveCfg = Release|Any CPU
		{E5CBC24F-4AF0-44FD-84D5-D8446425D065}.Release|iPhone.Build.0 = Release|Any CPU
		{E5CBC24F-4AF0-44FD-84D5-D8446425D065}.Release|iPhone.Deploy.0 = Release|Any CPU
		{E5CBC24F-4AF0-44FD-84D5-D8446425D065}.Release|iPhoneSimulator.ActiveCfg = Release|Any CPU
		{E5CBC24F-4AF0-44FD-84D5-D8446425D065}.Release|iPhoneSimulator.Build.0 = Release|Any CPU
		{E5CBC24F-4AF0-44FD-84D5-D8446425D065}.Release|iPhoneSimulator.Deploy.0 = Release|Any CPU
	EndGlobalSection
	GlobalSection(SolutionProperties) = preSolution
		HideSolutionNode = FALSE
	EndGlobalSection
	GlobalSection(ExtensibilityGlobals) = postSolution
		SolutionGuid = {33E38C2F-729A-4CAC-94BF-C79715935C53}
	EndGlobalSection
EndGlobal
